
Microsoft Visual Studio Solution File, Format Version 12.00
# Visual Studio 15
VisualStudioVersion = 15.0.27703.2035
MinimumVisualStudioVersion = 10.0.40219.1
Project("{FAE04EC0-301F-11D3-BF4B-00C04F79EFBC}") = "DefiningClasses", "DefiningClasses\DefiningClasses.csproj", "{73739B69-927F-45B9-81D3-F7DC41351BE5}"
EndProject
Global
	GlobalSection(SolutionConfigurationPlatforms) = preSolution
		Debug|Any CPU = Debug|Any CPU
		Release|Any CPU = Release|Any CPU
	EndGlobalSection
	GlobalSection(ProjectConfigurationPlatforms) = postSolution
		{73739B69-927F-45B9-81D3-F7DC41351BE5}.Debug|Any CPU.ActiveCfg = Debug|Any CPU
		{73739B69-927F-45B9-81D3-F7DC41351BE5}.Debug|Any CPU.Build.0 = Debug|Any CPU
		{73739B69-927F-45B9-81D3-F7DC41351BE5}.Release|Any CPU.ActiveCfg = Release|Any CPU
		{73739B69-927F-45B9-81D3-F7DC41351BE5}.Release|Any CPU.Build.0 = Release|Any CPU
	EndGlobalSection
	GlobalSection(SolutionProperties) = preSolution
		HideSolutionNode = FALSE
	EndGlobalSection
	GlobalSection(ExtensibilityGlobals) = postSolution
		SolutionGuid = {6287F28F-6C3D-4FF7-9E04-E5BF60F7428C}
	EndGlobalSection
EndGlobal
